{
  "name": "noises-library",
  "version": "1.0.0",
  "lockfileVersion": 3,
  "requires": true,
  "packages": {
    "": {
      "name": "noises-library",
      "version": "1.0.0",
      "license": "MIT",
      "dependencies": {
        "vectors-typescript": "github:camilomdeoca/vectors-typescript"
      },
      "devDependencies": {
        "typescript": "^5.4.5"
      }
    },
    "node_modules/typescript": {
      "version": "5.4.5",
      "resolved": "https://registry.npmjs.org/typescript/-/typescript-5.4.5.tgz",
      "integrity": "sha512-vcI4UpRgg81oIRUFwR0WSIHKt11nJ7SAVlYNIu+QpqeyXP+gpQJy/Z4+F0aGxSE4MqwjyXvW/TzgkLAx2AGHwQ==",
      "dev": true,
      "bin": {
        "tsc": "bin/tsc",
        "tsserver": "bin/tsserver"
      },
      "engines": {
        "node": ">=14.17"
      }
    },
    "node_modules/vectors-typescript": {
      "version": "1.0.0",
      "resolved": "git+ssh://git@github.com/camilomdeoca/vectors-typescript.git#eaedd1706c4eea2d457630f58575d279f22fbb62",
      "license": "MIT"
    }
  }
}
